
Microsoft Visual Studio Solution File, Format Version 12.00
# Visual Studio Version 17
VisualStudioVersion = 17.11.35303.130
MinimumVisualStudioVersion = 10.0.40219.1
Project("{2150E333-8FDC-42A3-9474-1A3956D46DE8}") = "Task0", "Task0", "{C0282A9A-3B18-442F-9536-8C06C2FD7A3E}"
EndProject
Project("{9A19103F-16F7-4668-BE54-9A1E7A4F7556}") = "Tyuiu.TomilovDA.Sprint4.Task0.V14.Lib", "Tyuiu.TomilovDA.Sprint4.Task0.V14.Lib\Tyuiu.TomilovDA.Sprint4.Task0.V14.Lib.csproj", "{2299D8AF-CFAF-4951-91AE-08A5A6FD6EB8}"
EndProject
Project("{9A19103F-16F7-4668-BE54-9A1E7A4F7556}") = "Tyuiu.TomilovDA.Sprint4.Task0.V14", "Tyuiu.TomilovDA.Sprint4.Task0.V14\Tyuiu.TomilovDA.Sprint4.Task0.V14.csproj", "{FC3B835A-5C59-4B0A-ACC6-4E4C08F55F43}"
EndProject
Project("{9A19103F-16F7-4668-BE54-9A1E7A4F7556}") = "Tyuiu.TomilovDA.Sprint4.Task0.V14.Test", "Tyuiu.TomilovDA.Sprint4.Task0.V14.Test\Tyuiu.TomilovDA.Sprint4.Task0.V14.Test.csproj", "{465A9ED5-6DF1-470A-A1EA-0558C72D153E}"
EndProject
Project("{2150E333-8FDC-42A3-9474-1A3956D46DE8}") = "Task1", "Task1", "{77353DFD-D382-43FB-88EE-8263E7EF0634}"
EndProject
Project("{9A19103F-16F7-4668-BE54-9A1E7A4F7556}") = "Tyuiu.TomilovDA.Sprint4.Task1.V14.Lib", "Tyuiu.TomilovDA.Sprint4.Task1.V14.Lib\Tyuiu.TomilovDA.Sprint4.Task1.V14.Lib.csproj", "{437AE2C0-1076-45A6-BA35-0FD85F08FE1B}"
EndProject
Project("{9A19103F-16F7-4668-BE54-9A1E7A4F7556}") = "Tyuiu.TomilovDA.Sprint4.Task1.V14", "Tyuiu.TomilovDA.Sprint4.Task1.V14\Tyuiu.TomilovDA.Sprint4.Task1.V14.csproj", "{C2DC3604-CAA2-4EF0-BF11-5F5229780D24}"
EndProject
Project("{9A19103F-16F7-4668-BE54-9A1E7A4F7556}") = "Tyuiu.TomilovDA.Sprint4.Task1.V14.Test", "Tyuiu.TomilovDA.Sprint4.Task1.V14.Test\Tyuiu.TomilovDA.Sprint4.Task1.V14.Test.csproj", "{7C19606C-EA76-4EA8-B9C8-5EC4DC46AFE3}"
EndProject
Project("{2150E333-8FDC-42A3-9474-1A3956D46DE8}") = "Task2", "Task2", "{E8081842-85A8-4C36-83F9-007D4860FB0A}"
EndProject
Project("{9A19103F-16F7-4668-BE54-9A1E7A4F7556}") = "Tyuiu.TomilovDA.Sprint4.Task2.V17.Lib", "Tyuiu.TomilovDA.Sprint4.Task2.V17.Lib\Tyuiu.TomilovDA.Sprint4.Task2.V17.Lib.csproj", "{2AAE568E-D8DA-483F-AC82-BA0502484251}"
EndProject
Project("{9A19103F-16F7-4668-BE54-9A1E7A4F7556}") = "Tyuiu.TomilovDA.Sprint4.Task2.V17", "Tyuiu.TomilovDA.Sprint4.Task2.V17\Tyuiu.TomilovDA.Sprint4.Task2.V17.csproj", "{D8BA5F6E-9E98-4C37-948D-6AA99C07D4F1}"
EndProject
Project("{9A19103F-16F7-4668-BE54-9A1E7A4F7556}") = "Tyuiu.TomilovDA.Sprint4.Task2.V17.Test", "Tyuiu.TomilovDA.Sprint4.Task2.V17.Test\Tyuiu.TomilovDA.Sprint4.Task2.V17.Test.csproj", "{6576D6B3-12C2-4BB5-AD1F-AEC090551339}"
EndProject
Project("{2150E333-8FDC-42A3-9474-1A3956D46DE8}") = "Task3", "Task3", "{10596D05-79A1-465F-A139-B7572450A75A}"
EndProject
Project("{9A19103F-16F7-4668-BE54-9A1E7A4F7556}") = "Tyuiu.TomilovDA.Sprint4.Task3.V3.Lib", "Tyuiu.TomilovDA.Sprint4.Task3.V3.Lib\Tyuiu.TomilovDA.Sprint4.Task3.V3.Lib.csproj", "{A601FAD5-9BD6-4652-8388-90E540A39662}"
EndProject
Project("{9A19103F-16F7-4668-BE54-9A1E7A4F7556}") = "Tyuiu.TomilovDA.Sprint4.Task3.V3", "Tyuiu.TomilovDA.Sprint4.Task3.V3\Tyuiu.TomilovDA.Sprint4.Task3.V3.csproj", "{601CA84C-CA40-4539-944C-6267CF33D441}"
EndProject
Project("{9A19103F-16F7-4668-BE54-9A1E7A4F7556}") = "Tyuiu.TomilovDA.Sprint4.Task3.V3.Test", "Tyuiu.TomilovDA.Sprint4.Task3.V3.Test\Tyuiu.TomilovDA.Sprint4.Task3.V3.Test.csproj", "{BCAB3017-1CB3-4590-8A78-BDFA33EC638B}"
EndProject
Project("{2150E333-8FDC-42A3-9474-1A3956D46DE8}") = "Task4", "Task4", "{C84370F9-062E-4F1E-9F9E-8FA55FAF4809}"
EndProject
Project("{9A19103F-16F7-4668-BE54-9A1E7A4F7556}") = "Tyuiu.TomilovDA.Sprint4.Task4.V24.Lib", "Tyuiu.TomilovDA.Sprint4.Task4.V24.Lib\Tyuiu.TomilovDA.Sprint4.Task4.V24.Lib.csproj", "{B9424F42-870F-4CCA-B2A9-01CA97400CCD}"
EndProject
Project("{9A19103F-16F7-4668-BE54-9A1E7A4F7556}") = "Tyuiu.TomilovDA.Sprint4.Task4.V24", "Tyuiu.TomilovDA.Sprint4.Task4.V24\Tyuiu.TomilovDA.Sprint4.Task4.V24.csproj", "{DFAAF33F-BDAC-4594-866C-2E47ADAC2E31}"
EndProject
Project("{9A19103F-16F7-4668-BE54-9A1E7A4F7556}") = "Tyuiu.TomilovDA.Sprint4.Task4.V24.Test", "Tyuiu.TomilovDA.Sprint4.Task4.V24.Test\Tyuiu.TomilovDA.Sprint4.Task4.V24.Test.csproj", "{4C9F82ED-6A7A-4C15-A96F-D9D78B82F3A2}"
EndProject
Project("{2150E333-8FDC-42A3-9474-1A3956D46DE8}") = "Task5", "Task5", "{FE76BC41-AD20-4B11-BCB1-83A94E7D7D95}"
EndProject
Project("{9A19103F-16F7-4668-BE54-9A1E7A4F7556}") = "Tyuiu.TomilovDA.Sprint4.Task5.V13.Lib", "Tyuiu.TomilovDA.Sprint4.Task5.V13.Lib\Tyuiu.TomilovDA.Sprint4.Task5.V13.Lib.csproj", "{CFFA4FBD-FCEF-4830-9BB9-8022D8569477}"
EndProject
Project("{9A19103F-16F7-4668-BE54-9A1E7A4F7556}") = "Tyuiu.TomilovDA.Sprint4.Task5.V13", "Tyuiu.TomilovDA.Sprint4.Task5.V13\Tyuiu.TomilovDA.Sprint4.Task5.V13.csproj", "{BAA1B39C-53F3-4FDC-A9F2-E9304226DD3D}"
EndProject
Project("{9A19103F-16F7-4668-BE54-9A1E7A4F7556}") = "Tyuiu.TomilovDA.Sprint4.Task5.V13.Test", "Tyuiu.TomilovDA.Sprint4.Task5.V13.Test\Tyuiu.TomilovDA.Sprint4.Task5.V13.Test.csproj", "{27630822-CF19-44C2-B52C-C741F56CFAF6}"
EndProject
Global
	GlobalSection(SolutionConfigurationPlatforms) = preSolution
		Debug|Any CPU = Debug|Any CPU
		Debug|x64 = Debug|x64
		Debug|x86 = Debug|x86
		Release|Any CPU = Release|Any CPU
		Release|x64 = Release|x64
		Release|x86 = Release|x86
	EndGlobalSection
	GlobalSection(ProjectConfigurationPlatforms) = postSolution
		{2299D8AF-CFAF-4951-91AE-08A5A6FD6EB8}.Debug|Any CPU.ActiveCfg = Debug|Any CPU
		{2299D8AF-CFAF-4951-91AE-08A5A6FD6EB8}.Debug|Any CPU.Build.0 = Debug|Any CPU
		{2299D8AF-CFAF-4951-91AE-08A5A6FD6EB8}.Debug|x64.ActiveCfg = Debug|Any CPU
		{2299D8AF-CFAF-4951-91AE-08A5A6FD6EB8}.Debug|x64.Build.0 = Debug|Any CPU
		{2299D8AF-CFAF-4951-91AE-08A5A6FD6EB8}.Debug|x86.ActiveCfg = Debug|Any CPU
		{2299D8AF-CFAF-4951-91AE-08A5A6FD6EB8}.Debug|x86.Build.0 = Debug|Any CPU
		{2299D8AF-CFAF-4951-91AE-08A5A6FD6EB8}.Release|Any CPU.ActiveCfg = Release|Any CPU
		{2299D8AF-CFAF-4951-91AE-08A5A6FD6EB8}.Release|Any CPU.Build.0 = Release|Any CPU
		{2299D8AF-CFAF-4951-91AE-08A5A6FD6EB8}.Release|x64.ActiveCfg = Release|Any CPU
		{2299D8AF-CFAF-4951-91AE-08A5A6FD6EB8}.Release|x64.Build.0 = Release|Any CPU
		{2299D8AF-CFAF-4951-91AE-08A5A6FD6EB8}.Release|x86.ActiveCfg = Release|Any CPU
		{2299D8AF-CFAF-4951-91AE-08A5A6FD6EB8}.Release|x86.Build.0 = Release|Any CPU
		{FC3B835A-5C59-4B0A-ACC6-4E4C08F55F43}.Debug|Any CPU.ActiveCfg = Debug|Any CPU
		{FC3B835A-5C59-4B0A-ACC6-4E4C08F55F43}.Debug|Any CPU.Build.0 = Debug|Any CPU
		{FC3B835A-5C59-4B0A-ACC6-4E4C08F55F43}.Debug|x64.ActiveCfg = Debug|Any CPU
		{FC3B835A-5C59-4B0A-ACC6-4E4C08F55F43}.Debug|x64.Build.0 = Debug|Any CPU
		{FC3B835A-5C59-4B0A-ACC6-4E4C08F55F43}.Debug|x86.ActiveCfg = Debug|Any CPU
		{FC3B835A-5C59-4B0A-ACC6-4E4C08F55F43}.Debug|x86.Build.0 = Debug|Any CPU
		{FC3B835A-5C59-4B0A-ACC6-4E4C08F55F43}.Release|Any CPU.ActiveCfg = Release|Any CPU
		{FC3B835A-5C59-4B0A-ACC6-4E4C08F55F43}.Release|Any CPU.Build.0 = Release|Any CPU
		{FC3B835A-5C59-4B0A-ACC6-4E4C08F55F43}.Release|x64.ActiveCfg = Release|Any CPU
		{FC3B835A-5C59-4B0A-ACC6-4E4C08F55F43}.Release|x64.Build.0 = Release|Any CPU
		{FC3B835A-5C59-4B0A-ACC6-4E4C08F55F43}.Release|x86.ActiveCfg = Release|Any CPU
		{FC3B835A-5C59-4B0A-ACC6-4E4C08F55F43}.Release|x86.Build.0 = Release|Any CPU
		{465A9ED5-6DF1-470A-A1EA-0558C72D153E}.Debug|Any CPU.ActiveCfg = Debug|Any CPU
		{465A9ED5-6DF1-470A-A1EA-0558C72D153E}.Debug|Any CPU.Build.0 = Debug|Any CPU
		{465A9ED5-6DF1-470A-A1EA-0558C72D153E}.Debug|x64.ActiveCfg = Debug|Any CPU
		{465A9ED5-6DF1-470A-A1EA-0558C72D153E}.Debug|x64.Build.0 = Debug|Any CPU
		{465A9ED5-6DF1-470A-A1EA-0558C72D153E}.Debug|x86.ActiveCfg = Debug|Any CPU
		{465A9ED5-6DF1-470A-A1EA-0558C72D153E}.Debug|x86.Build.0 = Debug|Any CPU
		{465A9ED5-6DF1-470A-A1EA-0558C72D153E}.Release|Any CPU.ActiveCfg = Release|Any CPU
		{465A9ED5-6DF1-470A-A1EA-0558C72D153E}.Release|Any CPU.Build.0 = Release|Any CPU
		{465A9ED5-6DF1-470A-A1EA-0558C72D153E}.Release|x64.ActiveCfg = Release|Any CPU
		{465A9ED5-6DF1-470A-A1EA-0558C72D153E}.Release|x64.Build.0 = Release|Any CPU
		{465A9ED5-6DF1-470A-A1EA-0558C72D153E}.Release|x86.ActiveCfg = Release|Any CPU
		{465A9ED5-6DF1-470A-A1EA-0558C72D153E}.Release|x86.Build.0 = Release|Any CPU
		{437AE2C0-1076-45A6-BA35-0FD85F08FE1B}.Debug|Any CPU.ActiveCfg = Debug|Any CPU
		{437AE2C0-1076-45A6-BA35-0FD85F08FE1B}.Debug|Any CPU.Build.0 = Debug|Any CPU
		{437AE2C0-1076-45A6-BA35-0FD85F08FE1B}.Debug|x64.ActiveCfg = Debug|Any CPU
		{437AE2C0-1076-45A6-BA35-0FD85F08FE1B}.Debug|x64.Build.0 = Debug|Any CPU
		{437AE2C0-1076-45A6-BA35-0FD85F08FE1B}.Debug|x86.ActiveCfg = Debug|Any CPU
		{437AE2C0-1076-45A6-BA35-0FD85F08FE1B}.Debug|x86.Build.0 = Debug|Any CPU
		{437AE2C0-1076-45A6-BA35-0FD85F08FE1B}.Release|Any CPU.ActiveCfg = Release|Any CPU
		{437AE2C0-1076-45A6-BA35-0FD85F08FE1B}.Release|Any CPU.Build.0 = Release|Any CPU
		{437AE2C0-1076-45A6-BA35-0FD85F08FE1B}.Release|x64.ActiveCfg = Release|Any CPU
		{437AE2C0-1076-45A6-BA35-0FD85F08FE1B}.Release|x64.Build.0 = Release|Any CPU
		{437AE2C0-1076-45A6-BA35-0FD85F08FE1B}.Release|x86.ActiveCfg = Release|Any CPU
		{437AE2C0-1076-45A6-BA35-0FD85F08FE1B}.Release|x86.Build.0 = Release|Any CPU
		{C2DC3604-CAA2-4EF0-BF11-5F5229780D24}.Debug|Any CPU.ActiveCfg = Debug|Any CPU
		{C2DC3604-CAA2-4EF0-BF11-5F5229780D24}.Debug|Any CPU.Build.0 = Debug|Any CPU
		{C2DC3604-CAA2-4EF0-BF11-5F5229780D24}.Debug|x64.ActiveCfg = Debug|Any CPU
		{C2DC3604-CAA2-4EF0-BF11-5F5229780D24}.Debug|x64.Build.0 = Debug|Any CPU
		{C2DC3604-CAA2-4EF0-BF11-5F5229780D24}.Debug|x86.ActiveCfg = Debug|Any CPU
		{C2DC3604-CAA2-4EF0-BF11-5F5229780D24}.Debug|x86.Build.0 = Debug|Any CPU
		{C2DC3604-CAA2-4EF0-BF11-5F5229780D24}.Release|Any CPU.ActiveCfg = Release|Any CPU
		{C2DC3604-CAA2-4EF0-BF11-5F5229780D24}.Release|Any CPU.Build.0 = Release|Any CPU
		{C2DC3604-CAA2-4EF0-BF11-5F5229780D24}.Release|x64.ActiveCfg = Release|Any CPU
		{C2DC3604-CAA2-4EF0-BF11-5F5229780D24}.Release|x64.Build.0 = Release|Any CPU
		{C2DC3604-CAA2-4EF0-BF11-5F5229780D24}.Release|x86.ActiveCfg = Release|Any CPU
		{C2DC3604-CAA2-4EF0-BF11-5F5229780D24}.Release|x86.Build.0 = Release|Any CPU
		{7C19606C-EA76-4EA8-B9C8-5EC4DC46AFE3}.Debug|Any CPU.ActiveCfg = Debug|Any CPU
		{7C19606C-EA76-4EA8-B9C8-5EC4DC46AFE3}.Debug|Any CPU.Build.0 = Debug|Any CPU
		{7C19606C-EA76-4EA8-B9C8-5EC4DC46AFE3}.Debug|x64.ActiveCfg = Debug|Any CPU
		{7C19606C-EA76-4EA8-B9C8-5EC4DC46AFE3}.Debug|x64.Build.0 = Debug|Any CPU
		{7C19606C-EA76-4EA8-B9C8-5EC4DC46AFE3}.Debug|x86.ActiveCfg = Debug|Any CPU
		{7C19606C-EA76-4EA8-B9C8-5EC4DC46AFE3}.Debug|x86.Build.0 = Debug|Any CPU
		{7C19606C-EA76-4EA8-B9C8-5EC4DC46AFE3}.Release|Any CPU.ActiveCfg = Release|Any CPU
		{7C19606C-EA76-4EA8-B9C8-5EC4DC46AFE3}.Release|Any CPU.Build.0 = Release|Any CPU
		{7C19606C-EA76-4EA8-B9C8-5EC4DC46AFE3}.Release|x64.ActiveCfg = Release|Any CPU
		{7C19606C-EA76-4EA8-B9C8-5EC4DC46AFE3}.Release|x64.Build.0 = Release|Any CPU
		{7C19606C-EA76-4EA8-B9C8-5EC4DC46AFE3}.Release|x86.ActiveCfg = Release|Any CPU
		{7C19606C-EA76-4EA8-B9C8-5EC4DC46AFE3}.Release|x86.Build.0 = Release|Any CPU
		{2AAE568E-D8DA-483F-AC82-BA0502484251}.Debug|Any CPU.ActiveCfg = Debug|Any CPU
		{2AAE568E-D8DA-483F-AC82-BA0502484251}.Debug|Any CPU.Build.0 = Debug|Any CPU
		{2AAE568E-D8DA-483F-AC82-BA0502484251}.Debug|x64.ActiveCfg = Debug|Any CPU
		{2AAE568E-D8DA-483F-AC82-BA0502484251}.Debug|x64.Build.0 = Debug|Any CPU
		{2AAE568E-D8DA-483F-AC82-BA0502484251}.Debug|x86.ActiveCfg = Debug|Any CPU
		{2AAE568E-D8DA-483F-AC82-BA0502484251}.Debug|x86.Build.0 = Debug|Any CPU
		{2AAE568E-D8DA-483F-AC82-BA0502484251}.Release|Any CPU.ActiveCfg = Release|Any CPU
		{2AAE568E-D8DA-483F-AC82-BA0502484251}.Release|Any CPU.Build.0 = Release|Any CPU
		{2AAE568E-D8DA-483F-AC82-BA0502484251}.Release|x64.ActiveCfg = Release|Any CPU
		{2AAE568E-D8DA-483F-AC82-BA0502484251}.Release|x64.Build.0 = Release|Any CPU
		{2AAE568E-D8DA-483F-AC82-BA0502484251}.Release|x86.ActiveCfg = Release|Any CPU
		{2AAE568E-D8DA-483F-AC82-BA0502484251}.Release|x86.Build.0 = Release|Any CPU
		{D8BA5F6E-9E98-4C37-948D-6AA99C07D4F1}.Debug|Any CPU.ActiveCfg = Debug|Any CPU
		{D8BA5F6E-9E98-4C37-948D-6AA99C07D4F1}.Debug|Any CPU.Build.0 = Debug|Any CPU
		{D8BA5F6E-9E98-4C37-948D-6AA99C07D4F1}.Debug|x64.ActiveCfg = Debug|Any CPU
		{D8BA5F6E-9E98-4C37-948D-6AA99C07D4F1}.Debug|x64.Build.0 = Debug|Any CPU
		{D8BA5F6E-9E98-4C37-948D-6AA99C07D4F1}.Debug|x86.ActiveCfg = Debug|Any CPU
		{D8BA5F6E-9E98-4C37-948D-6AA99C07D4F1}.Debug|x86.Build.0 = Debug|Any CPU
		{D8BA5F6E-9E98-4C37-948D-6AA99C07D4F1}.Release|Any CPU.ActiveCfg = Release|Any CPU
		{D8BA5F6E-9E98-4C37-948D-6AA99C07D4F1}.Release|Any CPU.Build.0 = Release|Any CPU
		{D8BA5F6E-9E98-4C37-948D-6AA99C07D4F1}.Release|x64.ActiveCfg = Release|Any CPU
		{D8BA5F6E-9E98-4C37-948D-6AA99C07D4F1}.Release|x64.Build.0 = Release|Any CPU
		{D8BA5F6E-9E98-4C37-948D-6AA99C07D4F1}.Release|x86.ActiveCfg = Release|Any CPU
		{D8BA5F6E-9E98-4C37-948D-6AA99C07D4F1}.Release|x86.Build.0 = Release|Any CPU
		{6576D6B3-12C2-4BB5-AD1F-AEC090551339}.Debug|Any CPU.ActiveCfg = Debug|Any CPU
		{6576D6B3-12C2-4BB5-AD1F-AEC090551339}.Debug|Any CPU.Build.0 = Debug|Any CPU
		{6576D6B3-12C2-4BB5-AD1F-AEC090551339}.Debug|x64.ActiveCfg = Debug|Any CPU
		{6576D6B3-12C2-4BB5-AD1F-AEC090551339}.Debug|x64.Build.0 = Debug|Any CPU
		{6576D6B3-12C2-4BB5-AD1F-AEC090551339}.Debug|x86.ActiveCfg = Debug|Any CPU
		{6576D6B3-12C2-4BB5-AD1F-AEC090551339}.Debug|x86.Build.0 = Debug|Any CPU
		{6576D6B3-12C2-4BB5-AD1F-AEC090551339}.Release|Any CPU.ActiveCfg = Release|Any CPU
		{6576D6B3-12C2-4BB5-AD1F-AEC090551339}.Release|Any CPU.Build.0 = Release|Any CPU
		{6576D6B3-12C2-4BB5-AD1F-AEC090551339}.Release|x64.ActiveCfg = Release|Any CPU
		{6576D6B3-12C2-4BB5-AD1F-AEC090551339}.Release|x64.Build.0 = Release|Any CPU
		{6576D6B3-12C2-4BB5-AD1F-AEC090551339}.Release|x86.ActiveCfg = Release|Any CPU
		{6576D6B3-12C2-4BB5-AD1F-AEC090551339}.Release|x86.Build.0 = Release|Any CPU
		{A601FAD5-9BD6-4652-8388-90E540A39662}.Debug|Any CPU.ActiveCfg = Debug|Any CPU
		{A601FAD5-9BD6-4652-8388-90E540A39662}.Debug|Any CPU.Build.0 = Debug|Any CPU
		{A601FAD5-9BD6-4652-8388-90E540A39662}.Debug|x64.ActiveCfg = Debug|Any CPU
		{A601FAD5-9BD6-4652-8388-90E540A39662}.Debug|x64.Build.0 = Debug|Any CPU
		{A601FAD5-9BD6-4652-8388-90E540A39662}.Debug|x86.ActiveCfg = Debug|Any CPU
		{A601FAD5-9BD6-4652-8388-90E540A39662}.Debug|x86.Build.0 = Debug|Any CPU
		{A601FAD5-9BD6-4652-8388-90E540A39662}.Release|Any CPU.ActiveCfg = Release|Any CPU
		{A601FAD5-9BD6-4652-8388-90E540A39662}.Release|Any CPU.Build.0 = Release|Any CPU
		{A601FAD5-9BD6-4652-8388-90E540A39662}.Release|x64.ActiveCfg = Release|Any CPU
		{A601FAD5-9BD6-4652-8388-90E540A39662}.Release|x64.Build.0 = Release|Any CPU
		{A601FAD5-9BD6-4652-8388-90E540A39662}.Release|x86.ActiveCfg = Release|Any CPU
		{A601FAD5-9BD6-4652-8388-90E540A39662}.Release|x86.Build.0 = Release|Any CPU
		{601CA84C-CA40-4539-944C-6267CF33D441}.Debug|Any CPU.ActiveCfg = Debug|Any CPU
		{601CA84C-CA40-4539-944C-6267CF33D441}.Debug|Any CPU.Build.0 = Debug|Any CPU
		{601CA84C-CA40-4539-944C-6267CF33D441}.Debug|x64.ActiveCfg = Debug|Any CPU
		{601CA84C-CA40-4539-944C-6267CF33D441}.Debug|x64.Build.0 = Debug|Any CPU
		{601CA84C-CA40-4539-944C-6267CF33D441}.Debug|x86.ActiveCfg = Debug|Any CPU
		{601CA84C-CA40-4539-944C-6267CF33D441}.Debug|x86.Build.0 = Debug|Any CPU
		{601CA84C-CA40-4539-944C-6267CF33D441}.Release|Any CPU.ActiveCfg = Release|Any CPU
		{601CA84C-CA40-4539-944C-6267CF33D441}.Release|Any CPU.Build.0 = Release|Any CPU
		{601CA84C-CA40-4539-944C-6267CF33D441}.Release|x64.ActiveCfg = Release|Any CPU
		{601CA84C-CA40-4539-944C-6267CF33D441}.Release|x64.Build.0 = Release|Any CPU
		{601CA84C-CA40-4539-944C-6267CF33D441}.Release|x86.ActiveCfg = Release|Any CPU
		{601CA84C-CA40-4539-944C-6267CF33D441}.Release|x86.Build.0 = Release|Any CPU
		{BCAB3017-1CB3-4590-8A78-BDFA33EC638B}.Debug|Any CPU.ActiveCfg = Debug|Any CPU
		{BCAB3017-1CB3-4590-8A78-BDFA33EC638B}.Debug|Any CPU.Build.0 = Debug|Any CPU
		{BCAB3017-1CB3-4590-8A78-BDFA33EC638B}.Debug|x64.ActiveCfg = Debug|Any CPU
		{BCAB3017-1CB3-4590-8A78-BDFA33EC638B}.Debug|x64.Build.0 = Debug|Any CPU
		{BCAB3017-1CB3-4590-8A78-BDFA33EC638B}.Debug|x86.ActiveCfg = Debug|Any CPU
		{BCAB3017-1CB3-4590-8A78-BDFA33EC638B}.Debug|x86.Build.0 = Debug|Any CPU
		{BCAB3017-1CB3-4590-8A78-BDFA33EC638B}.Release|Any CPU.ActiveCfg = Release|Any CPU
		{BCAB3017-1CB3-4590-8A78-BDFA33EC638B}.Release|Any CPU.Build.0 = Release|Any CPU
		{BCAB3017-1CB3-4590-8A78-BDFA33EC638B}.Release|x64.ActiveCfg = Release|Any CPU
		{BCAB3017-1CB3-4590-8A78-BDFA33EC638B}.Release|x64.Build.0 = Release|Any CPU
		{BCAB3017-1CB3-4590-8A78-BDFA33EC638B}.Release|x86.ActiveCfg = Release|Any CPU
		{BCAB3017-1CB3-4590-8A78-BDFA33EC638B}.Release|x86.Build.0 = Release|Any CPU
		{B9424F42-870F-4CCA-B2A9-01CA97400CCD}.Debug|Any CPU.ActiveCfg = Debug|Any CPU
		{B9424F42-870F-4CCA-B2A9-01CA97400CCD}.Debug|Any CPU.Build.0 = Debug|Any CPU
		{B9424F42-870F-4CCA-B2A9-01CA97400CCD}.Debug|x64.ActiveCfg = Debug|Any CPU
		{B9424F42-870F-4CCA-B2A9-01CA97400CCD}.Debug|x64.Build.0 = Debug|Any CPU
		{B9424F42-870F-4CCA-B2A9-01CA97400CCD}.Debug|x86.ActiveCfg = Debug|Any CPU
		{B9424F42-870F-4CCA-B2A9-01CA97400CCD}.Debug|x86.Build.0 = Debug|Any CPU
		{B9424F42-870F-4CCA-B2A9-01CA97400CCD}.Release|Any CPU.ActiveCfg = Release|Any CPU
		{B9424F42-870F-4CCA-B2A9-01CA97400CCD}.Release|Any CPU.Build.0 = Release|Any CPU
		{B9424F42-870F-4CCA-B2A9-01CA97400CCD}.Release|x64.ActiveCfg = Release|Any CPU
		{B9424F42-870F-4CCA-B2A9-01CA97400CCD}.Release|x64.Build.0 = Release|Any CPU
		{B9424F42-870F-4CCA-B2A9-01CA97400CCD}.Release|x86.ActiveCfg = Release|Any CPU
		{B9424F42-870F-4CCA-B2A9-01CA97400CCD}.Release|x86.Build.0 = Release|Any CPU
		{DFAAF33F-BDAC-4594-866C-2E47ADAC2E31}.Debug|Any CPU.ActiveCfg = Debug|Any CPU
		{DFAAF33F-BDAC-4594-866C-2E47ADAC2E31}.Debug|Any CPU.Build.0 = Debug|Any CPU
		{DFAAF33F-BDAC-4594-866C-2E47ADAC2E31}.Debug|x64.ActiveCfg = Debug|Any CPU
		{DFAAF33F-BDAC-4594-866C-2E47ADAC2E31}.Debug|x64.Build.0 = Debug|Any CPU
		{DFAAF33F-BDAC-4594-866C-2E47ADAC2E31}.Debug|x86.ActiveCfg = Debug|Any CPU
		{DFAAF33F-BDAC-4594-866C-2E47ADAC2E31}.Debug|x86.Build.0 = Debug|Any CPU
		{DFAAF33F-BDAC-4594-866C-2E47ADAC2E31}.Release|Any CPU.ActiveCfg = Release|Any CPU
		{DFAAF33F-BDAC-4594-866C-2E47ADAC2E31}.Release|Any CPU.Build.0 = Release|Any CPU
		{DFAAF33F-BDAC-4594-866C-2E47ADAC2E31}.Release|x64.ActiveCfg = Release|Any CPU
		{DFAAF33F-BDAC-4594-866C-2E47ADAC2E31}.Release|x64.Build.0 = Release|Any CPU
		{DFAAF33F-BDAC-4594-866C-2E47ADAC2E31}.Release|x86.ActiveCfg = Release|Any CPU
		{DFAAF33F-BDAC-4594-866C-2E47ADAC2E31}.Release|x86.Build.0 = Release|Any CPU
		{4C9F82ED-6A7A-4C15-A96F-D9D78B82F3A2}.Debug|Any CPU.ActiveCfg = Debug|Any CPU
		{4C9F82ED-6A7A-4C15-A96F-D9D78B82F3A2}.Debug|Any CPU.Build.0 = Debug|Any CPU
		{4C9F82ED-6A7A-4C15-A96F-D9D78B82F3A2}.Debug|x64.ActiveCfg = Debug|Any CPU
		{4C9F82ED-6A7A-4C15-A96F-D9D78B82F3A2}.Debug|x64.Build.0 = Debug|Any CPU
		{4C9F82ED-6A7A-4C15-A96F-D9D78B82F3A2}.Debug|x86.ActiveCfg = Debug|Any CPU
		{4C9F82ED-6A7A-4C15-A96F-D9D78B82F3A2}.Debug|x86.Build.0 = Debug|Any CPU
		{4C9F82ED-6A7A-4C15-A96F-D9D78B82F3A2}.Release|Any CPU.ActiveCfg = Release|Any CPU
		{4C9F82ED-6A7A-4C15-A96F-D9D78B82F3A2}.Release|Any CPU.Build.0 = Release|Any CPU
		{4C9F82ED-6A7A-4C15-A96F-D9D78B82F3A2}.Release|x64.ActiveCfg = Release|Any CPU
		{4C9F82ED-6A7A-4C15-A96F-D9D78B82F3A2}.Release|x64.Build.0 = Release|Any CPU
		{4C9F82ED-6A7A-4C15-A96F-D9D78B82F3A2}.Release|x86.ActiveCfg = Release|Any CPU
		{4C9F82ED-6A7A-4C15-A96F-D9D78B82F3A2}.Release|x86.Build.0 = Release|Any CPU
		{CFFA4FBD-FCEF-4830-9BB9-8022D8569477}.Debug|Any CPU.ActiveCfg = Debug|Any CPU
		{CFFA4FBD-FCEF-4830-9BB9-8022D8569477}.Debug|Any CPU.Build.0 = Debug|Any CPU
		{CFFA4FBD-FCEF-4830-9BB9-8022D8569477}.Debug|x64.ActiveCfg = Debug|Any CPU
		{CFFA4FBD-FCEF-4830-9BB9-8022D8569477}.Debug|x64.Build.0 = Debug|Any CPU
		{CFFA4FBD-FCEF-4830-9BB9-8022D8569477}.Debug|x86.ActiveCfg = Debug|Any CPU
		{CFFA4FBD-FCEF-4830-9BB9-8022D8569477}.Debug|x86.Build.0 = Debug|Any CPU
		{CFFA4FBD-FCEF-4830-9BB9-8022D8569477}.Release|Any CPU.ActiveCfg = Release|Any CPU
		{CFFA4FBD-FCEF-4830-9BB9-8022D8569477}.Release|Any CPU.Build.0 = Release|Any CPU
		{CFFA4FBD-FCEF-4830-9BB9-8022D8569477}.Release|x64.ActiveCfg = Release|Any CPU
		{CFFA4FBD-FCEF-4830-9BB9-8022D8569477}.Release|x64.Build.0 = Release|Any CPU
		{CFFA4FBD-FCEF-4830-9BB9-8022D8569477}.Release|x86.ActiveCfg = Release|Any CPU
		{CFFA4FBD-FCEF-4830-9BB9-8022D8569477}.Release|x86.Build.0 = Release|Any CPU
		{BAA1B39C-53F3-4FDC-A9F2-E9304226DD3D}.Debug|Any CPU.ActiveCfg = Debug|Any CPU
		{BAA1B39C-53F3-4FDC-A9F2-E9304226DD3D}.Debug|Any CPU.Build.0 = Debug|Any CPU
		{BAA1B39C-53F3-4FDC-A9F2-E9304226DD3D}.Debug|x64.ActiveCfg = Debug|Any CPU
		{BAA1B39C-53F3-4FDC-A9F2-E9304226DD3D}.Debug|x64.Build.0 = Debug|Any CPU
		{BAA1B39C-53F3-4FDC-A9F2-E9304226DD3D}.Debug|x86.ActiveCfg = Debug|Any CPU
		{BAA1B39C-53F3-4FDC-A9F2-E9304226DD3D}.Debug|x86.Build.0 = Debug|Any CPU
		{BAA1B39C-53F3-4FDC-A9F2-E9304226DD3D}.Release|Any CPU.ActiveCfg = Release|Any CPU
		{BAA1B39C-53F3-4FDC-A9F2-E9304226DD3D}.Release|Any CPU.Build.0 = Release|Any CPU
		{BAA1B39C-53F3-4FDC-A9F2-E9304226DD3D}.Release|x64.ActiveCfg = Release|Any CPU
		{BAA1B39C-53F3-4FDC-A9F2-E9304226DD3D}.Release|x64.Build.0 = Release|Any CPU
		{BAA1B39C-53F3-4FDC-A9F2-E9304226DD3D}.Release|x86.ActiveCfg = Release|Any CPU
		{BAA1B39C-53F3-4FDC-A9F2-E9304226DD3D}.Release|x86.Build.0 = Release|Any CPU
		{27630822-CF19-44C2-B52C-C741F56CFAF6}.Debug|Any CPU.ActiveCfg = Debug|Any CPU
		{27630822-CF19-44C2-B52C-C741F56CFAF6}.Debug|Any CPU.Build.0 = Debug|Any CPU
		{27630822-CF19-44C2-B52C-C741F56CFAF6}.Debug|x64.ActiveCfg = Debug|Any CPU
		{27630822-CF19-44C2-B52C-C741F56CFAF6}.Debug|x64.Build.0 = Debug|Any CPU
		{27630822-CF19-44C2-B52C-C741F56CFAF6}.Debug|x86.ActiveCfg = Debug|Any CPU
		{27630822-CF19-44C2-B52C-C741F56CFAF6}.Debug|x86.Build.0 = Debug|Any CPU
		{27630822-CF19-44C2-B52C-C741F56CFAF6}.Release|Any CPU.ActiveCfg = Release|Any CPU
		{27630822-CF19-44C2-B52C-C741F56CFAF6}.Release|Any CPU.Build.0 = Release|Any CPU
		{27630822-CF19-44C2-B52C-C741F56CFAF6}.Release|x64.ActiveCfg = Release|Any CPU
		{27630822-CF19-44C2-B52C-C741F56CFAF6}.Release|x64.Build.0 = Release|Any CPU
		{27630822-CF19-44C2-B52C-C741F56CFAF6}.Release|x86.ActiveCfg = Release|Any CPU
		{27630822-CF19-44C2-B52C-C741F56CFAF6}.Release|x86.Build.0 = Release|Any CPU
	EndGlobalSection
	GlobalSection(SolutionProperties) = preSolution
		HideSolutionNode = FALSE
	EndGlobalSection
	GlobalSection(NestedProjects) = preSolution
		{2299D8AF-CFAF-4951-91AE-08A5A6FD6EB8} = {C0282A9A-3B18-442F-9536-8C06C2FD7A3E}
		{FC3B835A-5C59-4B0A-ACC6-4E4C08F55F43} = {C0282A9A-3B18-442F-9536-8C06C2FD7A3E}
		{465A9ED5-6DF1-470A-A1EA-0558C72D153E} = {C0282A9A-3B18-442F-9536-8C06C2FD7A3E}
		{437AE2C0-1076-45A6-BA35-0FD85F08FE1B} = {77353DFD-D382-43FB-88EE-8263E7EF0634}
		{C2DC3604-CAA2-4EF0-BF11-5F5229780D24} = {77353DFD-D382-43FB-88EE-8263E7EF0634}
		{7C19606C-EA76-4EA8-B9C8-5EC4DC46AFE3} = {77353DFD-D382-43FB-88EE-8263E7EF0634}
		{2AAE568E-D8DA-483F-AC82-BA0502484251} = {E8081842-85A8-4C36-83F9-007D4860FB0A}
		{D8BA5F6E-9E98-4C37-948D-6AA99C07D4F1} = {E8081842-85A8-4C36-83F9-007D4860FB0A}
		{6576D6B3-12C2-4BB5-AD1F-AEC090551339} = {E8081842-85A8-4C36-83F9-007D4860FB0A}
		{A601FAD5-9BD6-4652-8388-90E540A39662} = {10596D05-79A1-465F-A139-B7572450A75A}
		{601CA84C-CA40-4539-944C-6267CF33D441} = {10596D05-79A1-465F-A139-B7572450A75A}
		{BCAB3017-1CB3-4590-8A78-BDFA33EC638B} = {10596D05-79A1-465F-A139-B7572450A75A}
		{B9424F42-870F-4CCA-B2A9-01CA97400CCD} = {C84370F9-062E-4F1E-9F9E-8FA55FAF4809}
		{DFAAF33F-BDAC-4594-866C-2E47ADAC2E31} = {C84370F9-062E-4F1E-9F9E-8FA55FAF4809}
		{4C9F82ED-6A7A-4C15-A96F-D9D78B82F3A2} = {C84370F9-062E-4F1E-9F9E-8FA55FAF4809}
		{CFFA4FBD-FCEF-4830-9BB9-8022D8569477} = {FE76BC41-AD20-4B11-BCB1-83A94E7D7D95}
		{BAA1B39C-53F3-4FDC-A9F2-E9304226DD3D} = {FE76BC41-AD20-4B11-BCB1-83A94E7D7D95}
		{27630822-CF19-44C2-B52C-C741F56CFAF6} = {FE76BC41-AD20-4B11-BCB1-83A94E7D7D95}
	EndGlobalSection
	GlobalSection(ExtensibilityGlobals) = postSolution
		SolutionGuid = {6A0A441C-68BD-48B5-86D2-2432E71D0A24}
	EndGlobalSection
EndGlobal
